// !$*UTF8*$!
{
	archiveVersion = 1;
	classes = {
	};
	objectVersion = 45;
	objects = {

/* Begin PBXBuildFile section */
		AA747D9F0F9514B9006C5449 /* sqlk_Prefix.pch in Headers */ = {isa = PBXBuildFile; fileRef = AA747D9E0F9514B9006C5449 /* sqlk_Prefix.pch */; };
		AACBBE4A0F95108600F1A2B1 /* Foundation.framework in Frameworks */ = {isa = PBXBuildFile; fileRef = AACBBE490F95108600F1A2B1 /* Foundation.framework */; };
		EE2D917712872C8700C69142 /* SQLKColumnStructure.h in Headers */ = {isa = PBXBuildFile; fileRef = EE2D916F12872C8700C69142 /* SQLKColumnStructure.h */; };
		EE2D917812872C8700C69142 /* SQLKColumnStructure.m in Sources */ = {isa = PBXBuildFile; fileRef = EE2D917012872C8700C69142 /* SQLKColumnStructure.m */; };
		EE2D917912872C8700C69142 /* SQLKStructure.h in Headers */ = {isa = PBXBuildFile; fileRef = EE2D917112872C8700C69142 /* SQLKStructure.h */; settings = {ATTRIBUTES = (Public, ); }; };
		EE2D917A12872C8700C69142 /* SQLKStructure.m in Sources */ = {isa = PBXBuildFile; fileRef = EE2D917212872C8700C69142 /* SQLKStructure.m */; };
		EE2D917B12872C8700C69142 /* SQLKTableStructure.h in Headers */ = {isa = PBXBuildFile; fileRef = EE2D917312872C8700C69142 /* SQLKTableStructure.h */; settings = {ATTRIBUTES = (Public, ); }; };
		EE2D917C12872C8700C69142 /* SQLKTableStructure.m in Sources */ = {isa = PBXBuildFile; fileRef = EE2D917412872C8700C69142 /* SQLKTableStructure.m */; };
		EE2D91EB1287301C00C69142 /* libFMDB.a in Frameworks */ = {isa = PBXBuildFile; fileRef = EE2D918E12872CFB00C69142 /* libFMDB.a */; };
/* End PBXBuildFile section */

/* Begin PBXContainerItemProxy section */
		EE2D918B12872CFB00C69142 /* PBXContainerItemProxy */ = {
			isa = PBXContainerItemProxy;
			containerPortal = EE2D918612872CFB00C69142 /* fmdb.xcodeproj */;
			proxyType = 2;
			remoteGlobalIDString = 8DD76FA10486AA7600D96B5E;
			remoteInfo = fmdb;
		};
		EE2D918D12872CFB00C69142 /* PBXContainerItemProxy */ = {
			isa = PBXContainerItemProxy;
			containerPortal = EE2D918612872CFB00C69142 /* fmdb.xcodeproj */;
			proxyType = 2;
			remoteGlobalIDString = EEC720BF123CE5F8002CE942;
			remoteInfo = FMDB;
		};
		EE2D918F12872D0800C69142 /* PBXContainerItemProxy */ = {
			isa = PBXContainerItemProxy;
			containerPortal = EE2D918612872CFB00C69142 /* fmdb.xcodeproj */;
			proxyType = 1;
			remoteGlobalIDString = EE4290EE12B42F870088BD94;
			remoteInfo = FMDB;
		};
/* End PBXContainerItemProxy section */

/* Begin PBXFileReference section */
		AA747D9E0F9514B9006C5449 /* sqlk_Prefix.pch */ = {isa = PBXFileReference; fileEncoding = 4; lastKnownFileType = sourcecode.c.h; path = sqlk_Prefix.pch; sourceTree = SOURCE_ROOT; };
		AACBBE490F95108600F1A2B1 /* Foundation.framework */ = {isa = PBXFileReference; lastKnownFileType = wrapper.framework; name = Foundation.framework; path = System/Library/Frameworks/Foundation.framework; sourceTree = SDKROOT; };
		D2AAC07E0554694100DB518D /* libsqlk.a */ = {isa = PBXFileReference; explicitFileType = archive.ar; includeInIndex = 0; path = libsqlk.a; sourceTree = BUILT_PRODUCTS_DIR; };
		EE2D916D12872C8700C69142 /* SQLiteObject.h */ = {isa = PBXFileReference; fileEncoding = 4; lastKnownFileType = sourcecode.c.h; path = SQLiteObject.h; sourceTree = "<group>"; };
		EE2D916E12872C8700C69142 /* SQLiteObject.m */ = {isa = PBXFileReference; fileEncoding = 4; lastKnownFileType = sourcecode.c.objc; path = SQLiteObject.m; sourceTree = "<group>"; };
		EE2D916F12872C8700C69142 /* SQLKColumnStructure.h */ = {isa = PBXFileReference; fileEncoding = 4; lastKnownFileType = sourcecode.c.h; path = SQLKColumnStructure.h; sourceTree = "<group>"; };
		EE2D917012872C8700C69142 /* SQLKColumnStructure.m */ = {isa = PBXFileReference; fileEncoding = 4; lastKnownFileType = sourcecode.c.objc; path = SQLKColumnStructure.m; sourceTree = "<group>"; };
		EE2D917112872C8700C69142 /* SQLKStructure.h */ = {isa = PBXFileReference; fileEncoding = 4; lastKnownFileType = sourcecode.c.h; path = SQLKStructure.h; sourceTree = "<group>"; };
		EE2D917212872C8700C69142 /* SQLKStructure.m */ = {isa = PBXFileReference; fileEncoding = 4; lastKnownFileType = sourcecode.c.objc; path = SQLKStructure.m; sourceTree = "<group>"; };
		EE2D917312872C8700C69142 /* SQLKTableStructure.h */ = {isa = PBXFileReference; fileEncoding = 4; lastKnownFileType = sourcecode.c.h; path = SQLKTableStructure.h; sourceTree = "<group>"; };
		EE2D917412872C8700C69142 /* SQLKTableStructure.m */ = {isa = PBXFileReference; fileEncoding = 4; lastKnownFileType = sourcecode.c.objc; path = SQLKTableStructure.m; sourceTree = "<group>"; };
		EE2D918612872CFB00C69142 /* fmdb.xcodeproj */ = {isa = PBXFileReference; lastKnownFileType = "wrapper.pb-project"; name = fmdb.xcodeproj; path = ../fmdb/fmdb.xcodeproj; sourceTree = SOURCE_ROOT; };
/* End PBXFileReference section */

/* Begin PBXFrameworksBuildPhase section */
		D2AAC07C0554694100DB518D /* Frameworks */ = {
			isa = PBXFrameworksBuildPhase;
			buildActionMask = 2147483647;
			files = (
				AACBBE4A0F95108600F1A2B1 /* Foundation.framework in Frameworks */,
				EE2D91EB1287301C00C69142 /* libFMDB.a in Frameworks */,
			);
			runOnlyForDeploymentPostprocessing = 0;
		};
/* End PBXFrameworksBuildPhase section */

/* Begin PBXGroup section */
		034768DFFF38A50411DB9C8B /* Products */ = {
			isa = PBXGroup;
			children = (
				D2AAC07E0554694100DB518D /* libsqlk.a */,
			);
			name = Products;
			sourceTree = "<group>";
		};
		0867D691FE84028FC02AAC07 /* sqlk */ = {
			isa = PBXGroup;
			children = (
				EE2D918612872CFB00C69142 /* fmdb.xcodeproj */,
				08FB77AEFE84172EC02AAC07 /* Classes */,
				32C88DFF0371C24200C91783 /* Other Sources */,
				0867D69AFE84028FC02AAC07 /* Frameworks */,
				034768DFFF38A50411DB9C8B /* Products */,
			);
			name = sqlk;
			sourceTree = "<group>";
		};
		0867D69AFE84028FC02AAC07 /* Frameworks */ = {
			isa = PBXGroup;
			children = (
				AACBBE490F95108600F1A2B1 /* Foundation.framework */,
			);
			name = Frameworks;
			sourceTree = "<group>";
		};
		08FB77AEFE84172EC02AAC07 /* Classes */ = {
			isa = PBXGroup;
			children = (
				EE2D916D12872C8700C69142 /* SQLiteObject.h */,
				EE2D916E12872C8700C69142 /* SQLiteObject.m */,
				EE2D917112872C8700C69142 /* SQLKStructure.h */,
				EE2D917212872C8700C69142 /* SQLKStructure.m */,
				EE2D917312872C8700C69142 /* SQLKTableStructure.h */,
				EE2D917412872C8700C69142 /* SQLKTableStructure.m */,
				EE2D916F12872C8700C69142 /* SQLKColumnStructure.h */,
				EE2D917012872C8700C69142 /* SQLKColumnStructure.m */,
			);
			path = Classes;
			sourceTree = "<group>";
		};
		32C88DFF0371C24200C91783 /* Other Sources */ = {
			isa = PBXGroup;
			children = (
				AA747D9E0F9514B9006C5449 /* sqlk_Prefix.pch */,
			);
			name = "Other Sources";
			sourceTree = "<group>";
		};
		EE2D918712872CFB00C69142 /* Products */ = {
			isa = PBXGroup;
			children = (
				EE2D918C12872CFB00C69142 /* fmdb */,
				EE2D918E12872CFB00C69142 /* libFMDB.a */,
			);
			name = Products;
			sourceTree = "<group>";
		};
/* End PBXGroup section */

/* Begin PBXHeadersBuildPhase section */
		D2AAC07A0554694100DB518D /* Headers */ = {
			isa = PBXHeadersBuildPhase;
			buildActionMask = 2147483647;
			files = (
				AA747D9F0F9514B9006C5449 /* sqlk_Prefix.pch in Headers */,
				EE2D917712872C8700C69142 /* SQLKColumnStructure.h in Headers */,
				EE2D917912872C8700C69142 /* SQLKStructure.h in Headers */,
				EE2D917B12872C8700C69142 /* SQLKTableStructure.h in Headers */,
			);
			runOnlyForDeploymentPostprocessing = 0;
		};
/* End PBXHeadersBuildPhase section */

/* Begin PBXNativeTarget section */
		D2AAC07D0554694100DB518D /* sqlk */ = {
			isa = PBXNativeTarget;
			buildConfigurationList = 1DEB921E08733DC00010E9CD /* Build configuration list for PBXNativeTarget "sqlk" */;
			buildPhases = (
				D2AAC07A0554694100DB518D /* Headers */,
				D2AAC07B0554694100DB518D /* Sources */,
				D2AAC07C0554694100DB518D /* Frameworks */,
			);
			buildRules = (
			);
			dependencies = (
				EE2D919012872D0800C69142 /* PBXTargetDependency */,
			);
			name = sqlk;
			productName = sqlk;
			productReference = D2AAC07E0554694100DB518D /* libsqlk.a */;
			productType = "com.apple.product-type.library.static";
		};
/* End PBXNativeTarget section */

/* Begin PBXProject section */
		0867D690FE84028FC02AAC07 /* Project object */ = {
			isa = PBXProject;
			buildConfigurationList = 1DEB922208733DC00010E9CD /* Build configuration list for PBXProject "sqlk" */;
			compatibilityVersion = "Xcode 3.1";
			developmentRegion = English;
			hasScannedForEncodings = 1;
			knownRegions = (
				English,
				Japanese,
				French,
				German,
			);
			mainGroup = 0867D691FE84028FC02AAC07 /* sqlk */;
			productRefGroup = 034768DFFF38A50411DB9C8B /* Products */;
			projectDirPath = "";
			projectReferences = (
				{
					ProductGroup = EE2D918712872CFB00C69142 /* Products */;
					ProjectRef = EE2D918612872CFB00C69142 /* fmdb.xcodeproj */;
				},
			);
			projectRoot = "";
			targets = (
				D2AAC07D0554694100DB518D /* sqlk */,
			);
		};
/* End PBXProject section */

/* Begin PBXReferenceProxy section */
		EE2D918C12872CFB00C69142 /* fmdb */ = {
			isa = PBXReferenceProxy;
			fileType = "compiled.mach-o.executable";
			path = fmdb;
			remoteRef = EE2D918B12872CFB00C69142 /* PBXContainerItemProxy */;
			sourceTree = BUILT_PRODUCTS_DIR;
		};
		EE2D918E12872CFB00C69142 /* libFMDB.a */ = {
			isa = PBXReferenceProxy;
			fileType = archive.ar;
			path = libFMDB.a;
			remoteRef = EE2D918D12872CFB00C69142 /* PBXContainerItemProxy */;
			sourceTree = BUILT_PRODUCTS_DIR;
		};
/* End PBXReferenceProxy section */

/* Begin PBXSourcesBuildPhase section */
		D2AAC07B0554694100DB518D /* Sources */ = {
			isa = PBXSourcesBuildPhase;
			buildActionMask = 2147483647;
			files = (
				EE2D917812872C8700C69142 /* SQLKColumnStructure.m in Sources */,
				EE2D917A12872C8700C69142 /* SQLKStructure.m in Sources */,
				EE2D917C12872C8700C69142 /* SQLKTableStructure.m in Sources */,
			);
			runOnlyForDeploymentPostprocessing = 0;
		};
/* End PBXSourcesBuildPhase section */

/* Begin PBXTargetDependency section */
		EE2D919012872D0800C69142 /* PBXTargetDependency */ = {
			isa = PBXTargetDependency;
			name = FMDB;
			targetProxy = EE2D918F12872D0800C69142 /* PBXContainerItemProxy */;
		};
/* End PBXTargetDependency section */

/* Begin XCBuildConfiguration section */
		1DEB921F08733DC00010E9CD /* Debug */ = {
			isa = XCBuildConfiguration;
			buildSettings = {
				ALWAYS_SEARCH_USER_PATHS = NO;
				ARCHS = "$(ARCHS_STANDARD_32_BIT)";
				COPY_PHASE_STRIP = NO;
				DSTROOT = /tmp/sqlk.dst;
				GCC_DYNAMIC_NO_PIC = NO;
				GCC_ENABLE_FIX_AND_CONTINUE = YES;
				GCC_MODEL_TUNING = G5;
				GCC_OPTIMIZATION_LEVEL = 0;
				GCC_PRECOMPILE_PREFIX_HEADER = YES;
				GCC_PREFIX_HEADER = sqlk_Prefix.pch;
				INSTALL_PATH = /usr/local/lib;
				PRODUCT_NAME = sqlk;
			};
			name = Debug;
		};
		1DEB922008733DC00010E9CD /* Release */ = {
			isa = XCBuildConfiguration;
			buildSettings = {
				ALWAYS_SEARCH_USER_PATHS = NO;
				ARCHS = "$(ARCHS_STANDARD_32_BIT)";
				DSTROOT = /tmp/sqlk.dst;
				GCC_MODEL_TUNING = G5;
				GCC_PRECOMPILE_PREFIX_HEADER = YES;
				GCC_PREFIX_HEADER = sqlk_Prefix.pch;
				INSTALL_PATH = /usr/local/lib;
				PRODUCT_NAME = sqlk;
			};
			name = Release;
		};
		1DEB922308733DC00010E9CD /* Debug */ = {
			isa = XCBuildConfiguration;
			buildSettings = {
				ARCHS = "$(ARCHS_STANDARD_32_BIT)";
				GCC_C_LANGUAGE_STANDARD = c99;
				GCC_OPTIMIZATION_LEVEL = 0;
				GCC_VERSION = com.apple.compilers.llvm.clang.1_0;
				GCC_WARN_ABOUT_RETURN_TYPE = YES;
				GCC_WARN_UNUSED_VARIABLE = YES;
				OTHER_CFLAGS = "-DDEBUG";
				OTHER_LDFLAGS = "-ObjC";
				PREBINDING = NO;
				SDKROOT = iphoneos;
				USER_HEADER_SEARCH_PATHS = "../fmdb//**";
			};
			name = Debug;
		};
		1DEB922408733DC00010E9CD /* Release */ = {
			isa = XCBuildConfiguration;
			buildSettings = {
				ARCHS = "$(ARCHS_STANDARD_32_BIT)";
				GCC_C_LANGUAGE_STANDARD = c99;
				GCC_VERSION = com.apple.compilers.llvm.clang.1_0;
				GCC_WARN_ABOUT_RETURN_TYPE = YES;
				GCC_WARN_UNUSED_VARIABLE = YES;
				OTHER_CFLAGS = "";
				OTHER_LDFLAGS = "-ObjC";
				PREBINDING = NO;
				SDKROOT = iphoneos;
				USER_HEADER_SEARCH_PATHS = "../fmdb//**";
			};
			name = Release;
		};
/* End XCBuildConfiguration section */

/* Begin XCConfigurationList section */
		1DEB921E08733DC00010E9CD /* Build configuration list for PBXNativeTarget "sqlk" */ = {
			isa = XCConfigurationList;
			buildConfigurations = (
				1DEB921F08733DC00010E9CD /* Debug */,
				1DEB922008733DC00010E9CD /* Release */,
			);
			defaultConfigurationIsVisible = 0;
			defaultConfigurationName = Release;
		};
		1DEB922208733DC00010E9CD /* Build configuration list for PBXProject "sqlk" */ = {
			isa = XCConfigurationList;
			buildConfigurations = (
				1DEB922308733DC00010E9CD /* Debug */,
				1DEB922408733DC00010E9CD /* Release */,
			);
			defaultConfigurationIsVisible = 0;
			defaultConfigurationName = Release;
		};
/* End XCConfigurationList section */
	};
	rootObject = 0867D690FE84028FC02AAC07 /* Project object */;
}
